
Microsoft Visual Studio Solution File, Format Version 10.00
# Visual C# Express 2008
Project("{FAE04EC0-301F-11D3-BF4B-00C04F79EFBC}") = "RubyAcad", "RubyAcad.csproj", "{CFBB7B1F-AA05-4E0C-8051-D2E632661430}"
EndProject
Global
	GlobalSection(SolutionConfigurationPlatforms) = preSolution
		Debug|Any CPU = Debug|Any CPU
		Release|Any CPU = Release|Any CPU
	EndGlobalSection
	GlobalSection(ProjectConfigurationPlatforms) = postSolution
		{CFBB7B1F-AA05-4E0C-8051-D2E632661430}.Debug|Any CPU.ActiveCfg = Debug|Any CPU
		{CFBB7B1F-AA05-4E0C-8051-D2E632661430}.Debug|Any CPU.Build.0 = Debug|Any CPU
		{CFBB7B1F-AA05-4E0C-8051-D2E632661430}.Release|Any CPU.ActiveCfg = Release|Any CPU
		{CFBB7B1F-AA05-4E0C-8051-D2E632661430}.Release|Any CPU.Build.0 = Release|Any CPU
	EndGlobalSection
	GlobalSection(SolutionProperties) = preSolution
		HideSolutionNode = FALSE
	EndGlobalSection
EndGlobal
